
Microsoft Visual Studio Solution File, Format Version 12.00
# Visual Studio Version 17
VisualStudioVersion = 17.3.32929.385
MinimumVisualStudioVersion = 10.0.40219.1
Project("{FAE04EC0-301F-11D3-BF4B-00C04F79EFBC}") = "Moldovan_Andrei", "Moldovan_Andrei.csproj", "{F37EA351-7648-4D8C-AF19-B7B67A7BF47A}"
EndProject
Global
	GlobalSection(SolutionConfigurationPlatforms) = preSolution
		Debug|Any CPU = Debug|Any CPU
		Release|Any CPU = Release|Any CPU
	EndGlobalSection
	GlobalSection(ProjectConfigurationPlatforms) = postSolution
		{F37EA351-7648-4D8C-AF19-B7B67A7BF47A}.Debug|Any CPU.ActiveCfg = Debug|Any CPU
		{F37EA351-7648-4D8C-AF19-B7B67A7BF47A}.Debug|Any CPU.Build.0 = Debug|Any CPU
		{F37EA351-7648-4D8C-AF19-B7B67A7BF47A}.Release|Any CPU.ActiveCfg = Release|Any CPU
		{F37EA351-7648-4D8C-AF19-B7B67A7BF47A}.Release|Any CPU.Build.0 = Release|Any CPU
	EndGlobalSection
	GlobalSection(SolutionProperties) = preSolution
		HideSolutionNode = FALSE
	EndGlobalSection
	GlobalSection(ExtensibilityGlobals) = postSolution
		SolutionGuid = {384A8B16-B430-4E75-9573-F92401C4E09C}
	EndGlobalSection
EndGlobal
